// !$*UTF8*$!
{
	archiveVersion = 1;
	classes = {
	};
	objectVersion = 46;
	objects = {

/* Begin PBXBuildFile section */
		C318176615F13E9F003FE6A2 /* Default.png in Resources */ = {isa = PBXBuildFile; fileRef = C318176515F13E9F003FE6A2 /* Default.png */; };
		C3737C0415F12BCD0068816A /* UIKit.framework in Frameworks */ = {isa = PBXBuildFile; fileRef = C3737C0315F12BCD0068816A /* UIKit.framework */; };
		C3737C0615F12BCD0068816A /* Foundation.framework in Frameworks */ = {isa = PBXBuildFile; fileRef = C3737C0515F12BCD0068816A /* Foundation.framework */; };
		C3737C0815F12BCD0068816A /* CoreGraphics.framework in Frameworks */ = {isa = PBXBuildFile; fileRef = C3737C0715F12BCD0068816A /* CoreGraphics.framework */; };
		C3737C0E15F12BCD0068816A /* InfoPlist.strings in Resources */ = {isa = PBXBuildFile; fileRef = C3737C0C15F12BCD0068816A /* InfoPlist.strings */; };
		C3737C1015F12BCD0068816A /* main.m in Sources */ = {isa = PBXBuildFile; fileRef = C3737C0F15F12BCD0068816A /* main.m */; };
		C3737C1415F12BCD0068816A /* AMTAppDelegate.m in Sources */ = {isa = PBXBuildFile; fileRef = C3737C1315F12BCD0068816A /* AMTAppDelegate.m */; };
		C3737C1715F12BCD0068816A /* MainStoryboard_iPhone.storyboard in Resources */ = {isa = PBXBuildFile; fileRef = C3737C1515F12BCD0068816A /* MainStoryboard_iPhone.storyboard */; };
		C3737C1D15F12BCD0068816A /* AMTViewController.m in Sources */ = {isa = PBXBuildFile; fileRef = C3737C1C15F12BCD0068816A /* AMTViewController.m */; };
		C3737C2515F12BCD0068816A /* SenTestingKit.framework in Frameworks */ = {isa = PBXBuildFile; fileRef = C3737C2415F12BCD0068816A /* SenTestingKit.framework */; };
		C3737C2615F12BCD0068816A /* UIKit.framework in Frameworks */ = {isa = PBXBuildFile; fileRef = C3737C0315F12BCD0068816A /* UIKit.framework */; };
		C3737C2715F12BCD0068816A /* Foundation.framework in Frameworks */ = {isa = PBXBuildFile; fileRef = C3737C0515F12BCD0068816A /* Foundation.framework */; };
		C3737C2F15F12BCD0068816A /* InfoPlist.strings in Resources */ = {isa = PBXBuildFile; fileRef = C3737C2D15F12BCD0068816A /* InfoPlist.strings */; };
		C3737C3215F12BCD0068816A /* AMTTests.m in Sources */ = {isa = PBXBuildFile; fileRef = C3737C3115F12BCD0068816A /* AMTTests.m */; };
		C3737C4215F12D760068816A /* logo.png in Resources */ = {isa = PBXBuildFile; fileRef = C3737C4115F12D760068816A /* logo.png */; };
		C3AAA76D15F134780048095E /* NSDictionary+URLEncoding.m in Sources */ = {isa = PBXBuildFile; fileRef = C3AAA76C15F134780048095E /* NSDictionary+URLEncoding.m */; };
		C3AAA76E15F134780048095E /* NSDictionary+URLEncoding.m in Sources */ = {isa = PBXBuildFile; fileRef = C3AAA76C15F134780048095E /* NSDictionary+URLEncoding.m */; };
/* End PBXBuildFile section */

/* Begin PBXContainerItemProxy section */
		C3737C2815F12BCD0068816A /* PBXContainerItemProxy */ = {
			isa = PBXContainerItemProxy;
			containerPortal = C3737BF615F12BCC0068816A /* Project object */;
			proxyType = 1;
			remoteGlobalIDString = C3737BFE15F12BCD0068816A;
			remoteInfo = AMT;
		};
/* End PBXContainerItemProxy section */

/* Begin PBXFileReference section */
		C318176515F13E9F003FE6A2 /* Default.png */ = {isa = PBXFileReference; lastKnownFileType = image.png; path = Default.png; sourceTree = "<group>"; };
		C3737BFF15F12BCD0068816A /* AMT.app */ = {isa = PBXFileReference; explicitFileType = wrapper.application; includeInIndex = 0; path = AMT.app; sourceTree = BUILT_PRODUCTS_DIR; };
		C3737C0315F12BCD0068816A /* UIKit.framework */ = {isa = PBXFileReference; lastKnownFileType = wrapper.framework; name = UIKit.framework; path = System/Library/Frameworks/UIKit.framework; sourceTree = SDKROOT; };
		C3737C0515F12BCD0068816A /* Foundation.framework */ = {isa = PBXFileReference; lastKnownFileType = wrapper.framework; name = Foundation.framework; path = System/Library/Frameworks/Foundation.framework; sourceTree = SDKROOT; };
		C3737C0715F12BCD0068816A /* CoreGraphics.framework */ = {isa = PBXFileReference; lastKnownFileType = wrapper.framework; name = CoreGraphics.framework; path = System/Library/Frameworks/CoreGraphics.framework; sourceTree = SDKROOT; };
		C3737C0B15F12BCD0068816A /* AMT-Info.plist */ = {isa = PBXFileReference; lastKnownFileType = text.plist.xml; path = "AMT-Info.plist"; sourceTree = "<group>"; };
		C3737C0D15F12BCD0068816A /* en */ = {isa = PBXFileReference; lastKnownFileType = text.plist.strings; name = en; path = en.lproj/InfoPlist.strings; sourceTree = "<group>"; };
		C3737C0F15F12BCD0068816A /* main.m */ = {isa = PBXFileReference; lastKnownFileType = sourcecode.c.objc; path = main.m; sourceTree = "<group>"; };
		C3737C1115F12BCD0068816A /* AMT-Prefix.pch */ = {isa = PBXFileReference; lastKnownFileType = sourcecode.c.h; path = "AMT-Prefix.pch"; sourceTree = "<group>"; };
		C3737C1215F12BCD0068816A /* AMTAppDelegate.h */ = {isa = PBXFileReference; lastKnownFileType = sourcecode.c.h; path = AMTAppDelegate.h; sourceTree = "<group>"; };
		C3737C1315F12BCD0068816A /* AMTAppDelegate.m */ = {isa = PBXFileReference; lastKnownFileType = sourcecode.c.objc; path = AMTAppDelegate.m; sourceTree = "<group>"; };
		C3737C1615F12BCD0068816A /* en */ = {isa = PBXFileReference; lastKnownFileType = file.storyboard; name = en; path = en.lproj/MainStoryboard_iPhone.storyboard; sourceTree = "<group>"; };
		C3737C1B15F12BCD0068816A /* AMTViewController.h */ = {isa = PBXFileReference; lastKnownFileType = sourcecode.c.h; path = AMTViewController.h; sourceTree = "<group>"; };
		C3737C1C15F12BCD0068816A /* AMTViewController.m */ = {isa = PBXFileReference; lastKnownFileType = sourcecode.c.objc; path = AMTViewController.m; sourceTree = "<group>"; };
		C3737C2315F12BCD0068816A /* AMTTests.octest */ = {isa = PBXFileReference; explicitFileType = wrapper.cfbundle; includeInIndex = 0; path = AMTTests.octest; sourceTree = BUILT_PRODUCTS_DIR; };
		C3737C2415F12BCD0068816A /* SenTestingKit.framework */ = {isa = PBXFileReference; lastKnownFileType = wrapper.framework; name = SenTestingKit.framework; path = Library/Frameworks/SenTestingKit.framework; sourceTree = DEVELOPER_DIR; };
		C3737C2C15F12BCD0068816A /* AMTTests-Info.plist */ = {isa = PBXFileReference; lastKnownFileType = text.plist.xml; path = "AMTTests-Info.plist"; sourceTree = "<group>"; };
		C3737C2E15F12BCD0068816A /* en */ = {isa = PBXFileReference; lastKnownFileType = text.plist.strings; name = en; path = en.lproj/InfoPlist.strings; sourceTree = "<group>"; };
		C3737C3015F12BCD0068816A /* AMTTests.h */ = {isa = PBXFileReference; lastKnownFileType = sourcecode.c.h; path = AMTTests.h; sourceTree = "<group>"; };
		C3737C3115F12BCD0068816A /* AMTTests.m */ = {isa = PBXFileReference; lastKnownFileType = sourcecode.c.objc; path = AMTTests.m; sourceTree = "<group>"; };
		C3737C4115F12D760068816A /* logo.png */ = {isa = PBXFileReference; lastKnownFileType = image.png; path = logo.png; sourceTree = "<group>"; };
		C3AAA76B15F134780048095E /* NSDictionary+URLEncoding.h */ = {isa = PBXFileReference; fileEncoding = 4; lastKnownFileType = sourcecode.c.h; path = "NSDictionary+URLEncoding.h"; sourceTree = "<group>"; };
		C3AAA76C15F134780048095E /* NSDictionary+URLEncoding.m */ = {isa = PBXFileReference; fileEncoding = 4; lastKnownFileType = sourcecode.c.objc; path = "NSDictionary+URLEncoding.m"; sourceTree = "<group>"; };
/* End PBXFileReference section */

/* Begin PBXFrameworksBuildPhase section */
		C3737BFC15F12BCD0068816A /* Frameworks */ = {
			isa = PBXFrameworksBuildPhase;
			buildActionMask = 2147483647;
			files = (
				C3737C0415F12BCD0068816A /* UIKit.framework in Frameworks */,
				C3737C0615F12BCD0068816A /* Foundation.framework in Frameworks */,
				C3737C0815F12BCD0068816A /* CoreGraphics.framework in Frameworks */,
			);
			runOnlyForDeploymentPostprocessing = 0;
		};
		C3737C1F15F12BCD0068816A /* Frameworks */ = {
			isa = PBXFrameworksBuildPhase;
			buildActionMask = 2147483647;
			files = (
				C3737C2515F12BCD0068816A /* SenTestingKit.framework in Frameworks */,
				C3737C2615F12BCD0068816A /* UIKit.framework in Frameworks */,
				C3737C2715F12BCD0068816A /* Foundation.framework in Frameworks */,
			);
			runOnlyForDeploymentPostprocessing = 0;
		};
/* End PBXFrameworksBuildPhase section */

/* Begin PBXGroup section */
		C3737BF415F12BCC0068816A = {
			isa = PBXGroup;
			children = (
				C318176515F13E9F003FE6A2 /* Default.png */,
				C3737C0915F12BCD0068816A /* AMT */,
				C3737C2A15F12BCD0068816A /* AMTTests */,
				C3737C0215F12BCD0068816A /* Frameworks */,
				C3737C0015F12BCD0068816A /* Products */,
			);
			sourceTree = "<group>";
		};
		C3737C0015F12BCD0068816A /* Products */ = {
			isa = PBXGroup;
			children = (
				C3737BFF15F12BCD0068816A /* AMT.app */,
				C3737C2315F12BCD0068816A /* AMTTests.octest */,
			);
			name = Products;
			sourceTree = "<group>";
		};
		C3737C0215F12BCD0068816A /* Frameworks */ = {
			isa = PBXGroup;
			children = (
				C3737C0315F12BCD0068816A /* UIKit.framework */,
				C3737C0515F12BCD0068816A /* Foundation.framework */,
				C3737C0715F12BCD0068816A /* CoreGraphics.framework */,
				C3737C2415F12BCD0068816A /* SenTestingKit.framework */,
			);
			name = Frameworks;
			sourceTree = "<group>";
		};
		C3737C0915F12BCD0068816A /* AMT */ = {
			isa = PBXGroup;
			children = (
				C3737C4015F12D760068816A /* images */,
				C3737C1215F12BCD0068816A /* AMTAppDelegate.h */,
				C3737C1315F12BCD0068816A /* AMTAppDelegate.m */,
				C3737C1515F12BCD0068816A /* MainStoryboard_iPhone.storyboard */,
				C3737C1B15F12BCD0068816A /* AMTViewController.h */,
				C3737C1C15F12BCD0068816A /* AMTViewController.m */,
				C3AAA76B15F134780048095E /* NSDictionary+URLEncoding.h */,
				C3AAA76C15F134780048095E /* NSDictionary+URLEncoding.m */,
				C3737C0A15F12BCD0068816A /* Supporting Files */,
			);
			path = AMT;
			sourceTree = "<group>";
		};
		C3737C0A15F12BCD0068816A /* Supporting Files */ = {
			isa = PBXGroup;
			children = (
				C3737C0B15F12BCD0068816A /* AMT-Info.plist */,
				C3737C0C15F12BCD0068816A /* InfoPlist.strings */,
				C3737C0F15F12BCD0068816A /* main.m */,
				C3737C1115F12BCD0068816A /* AMT-Prefix.pch */,
			);
			name = "Supporting Files";
			sourceTree = "<group>";
		};
		C3737C2A15F12BCD0068816A /* AMTTests */ = {
			isa = PBXGroup;
			children = (
				C3737C3015F12BCD0068816A /* AMTTests.h */,
				C3737C3115F12BCD0068816A /* AMTTests.m */,
				C3737C2B15F12BCD0068816A /* Supporting Files */,
			);
			path = AMTTests;
			sourceTree = "<group>";
		};
		C3737C2B15F12BCD0068816A /* Supporting Files */ = {
			isa = PBXGroup;
			children = (
				C3737C2C15F12BCD0068816A /* AMTTests-Info.plist */,
				C3737C2D15F12BCD0068816A /* InfoPlist.strings */,
			);
			name = "Supporting Files";
			sourceTree = "<group>";
		};
		C3737C4015F12D760068816A /* images */ = {
			isa = PBXGroup;
			children = (
				C3737C4115F12D760068816A /* logo.png */,
			);
			path = images;
			sourceTree = "<group>";
		};
/* End PBXGroup section */

/* Begin PBXNativeTarget section */
		C3737BFE15F12BCD0068816A /* AMT */ = {
			isa = PBXNativeTarget;
			buildConfigurationList = C3737C3515F12BCD0068816A /* Build configuration list for PBXNativeTarget "AMT" */;
			buildPhases = (
				C3737BFB15F12BCD0068816A /* Sources */,
				C3737BFC15F12BCD0068816A /* Frameworks */,
				C3737BFD15F12BCD0068816A /* Resources */,
			);
			buildRules = (
			);
			dependencies = (
			);
			name = AMT;
			productName = AMT;
			productReference = C3737BFF15F12BCD0068816A /* AMT.app */;
			productType = "com.apple.product-type.application";
		};
		C3737C2215F12BCD0068816A /* AMTTests */ = {
			isa = PBXNativeTarget;
			buildConfigurationList = C3737C3815F12BCD0068816A /* Build configuration list for PBXNativeTarget "AMTTests" */;
			buildPhases = (
				C3737C1E15F12BCD0068816A /* Sources */,
				C3737C1F15F12BCD0068816A /* Frameworks */,
				C3737C2015F12BCD0068816A /* Resources */,
				C3737C2115F12BCD0068816A /* ShellScript */,
			);
			buildRules = (
			);
			dependencies = (
				C3737C2915F12BCD0068816A /* PBXTargetDependency */,
			);
			name = AMTTests;
			productName = AMTTests;
			productReference = C3737C2315F12BCD0068816A /* AMTTests.octest */;
			productType = "com.apple.product-type.bundle";
		};
/* End PBXNativeTarget section */

/* Begin PBXProject section */
		C3737BF615F12BCC0068816A /* Project object */ = {
			isa = PBXProject;
			attributes = {
				CLASSPREFIX = AMT;
				LastUpgradeCheck = 0440;
				ORGANIZATIONNAME = int80;
			};
			buildConfigurationList = C3737BF915F12BCC0068816A /* Build configuration list for PBXProject "AMT" */;
			compatibilityVersion = "Xcode 3.2";
			developmentRegion = English;
			hasScannedForEncodings = 0;
			knownRegions = (
				en,
			);
			mainGroup = C3737BF415F12BCC0068816A;
			productRefGroup = C3737C0015F12BCD0068816A /* Products */;
			projectDirPath = "";
			projectRoot = "";
			targets = (
				C3737BFE15F12BCD0068816A /* AMT */,
				C3737C2215F12BCD0068816A /* AMTTests */,
			);
		};
/* End PBXProject section */

/* Begin PBXResourcesBuildPhase section */
		C3737BFD15F12BCD0068816A /* Resources */ = {
			isa = PBXResourcesBuildPhase;
			buildActionMask = 2147483647;
			files = (
				C3737C0E15F12BCD0068816A /* InfoPlist.strings in Resources */,
				C3737C1715F12BCD0068816A /* MainStoryboard_iPhone.storyboard in Resources */,
				C3737C4215F12D760068816A /* logo.png in Resources */,
				C318176615F13E9F003FE6A2 /* Default.png in Resources */,
			);
			runOnlyForDeploymentPostprocessing = 0;
		};
		C3737C2015F12BCD0068816A /* Resources */ = {
			isa = PBXResourcesBuildPhase;
			buildActionMask = 2147483647;
			files = (
				C3737C2F15F12BCD0068816A /* InfoPlist.strings in Resources */,
			);
			runOnlyForDeploymentPostprocessing = 0;
		};
/* End PBXResourcesBuildPhase section */

/* Begin PBXShellScriptBuildPhase section */
		C3737C2115F12BCD0068816A /* ShellScript */ = {
			isa = PBXShellScriptBuildPhase;
			buildActionMask = 2147483647;
			files = (
			);
			inputPaths = (
			);
			outputPaths = (
			);
			runOnlyForDeploymentPostprocessing = 0;
			shellPath = /bin/sh;
			shellScript = "# Run the unit tests in this test bundle.\n\"${SYSTEM_DEVELOPER_DIR}/Tools/RunUnitTests\"\n";
		};
/* End PBXShellScriptBuildPhase section */

/* Begin PBXSourcesBuildPhase section */
		C3737BFB15F12BCD0068816A /* Sources */ = {
			isa = PBXSourcesBuildPhase;
			buildActionMask = 2147483647;
			files = (
				C3737C1015F12BCD0068816A /* main.m in Sources */,
				C3737C1415F12BCD0068816A /* AMTAppDelegate.m in Sources */,
				C3737C1D15F12BCD0068816A /* AMTViewController.m in Sources */,
				C3AAA76D15F134780048095E /* NSDictionary+URLEncoding.m in Sources */,
			);
			runOnlyForDeploymentPostprocessing = 0;
		};
		C3737C1E15F12BCD0068816A /* Sources */ = {
			isa = PBXSourcesBuildPhase;
			buildActionMask = 2147483647;
			files = (
				C3737C3215F12BCD0068816A /* AMTTests.m in Sources */,
				C3AAA76E15F134780048095E /* NSDictionary+URLEncoding.m in Sources */,
			);
			runOnlyForDeploymentPostprocessing = 0;
		};
/* End PBXSourcesBuildPhase section */

/* Begin PBXTargetDependency section */
		C3737C2915F12BCD0068816A /* PBXTargetDependency */ = {
			isa = PBXTargetDependency;
			target = C3737BFE15F12BCD0068816A /* AMT */;
			targetProxy = C3737C2815F12BCD0068816A /* PBXContainerItemProxy */;
		};
/* End PBXTargetDependency section */

/* Begin PBXVariantGroup section */
		C3737C0C15F12BCD0068816A /* InfoPlist.strings */ = {
			isa = PBXVariantGroup;
			children = (
				C3737C0D15F12BCD0068816A /* en */,
			);
			name = InfoPlist.strings;
			sourceTree = "<group>";
		};
		C3737C1515F12BCD0068816A /* MainStoryboard_iPhone.storyboard */ = {
			isa = PBXVariantGroup;
			children = (
				C3737C1615F12BCD0068816A /* en */,
			);
			name = MainStoryboard_iPhone.storyboard;
			sourceTree = "<group>";
		};
		C3737C2D15F12BCD0068816A /* InfoPlist.strings */ = {
			isa = PBXVariantGroup;
			children = (
				C3737C2E15F12BCD0068816A /* en */,
			);
			name = InfoPlist.strings;
			sourceTree = "<group>";
		};
/* End PBXVariantGroup section */

/* Begin XCBuildConfiguration section */
		C3737C3315F12BCD0068816A /* Debug */ = {
			isa = XCBuildConfiguration;
			buildSettings = {
				ALWAYS_SEARCH_USER_PATHS = NO;
				ARCHS = "$(ARCHS_STANDARD_32_BIT)";
				CLANG_CXX_LANGUAGE_STANDARD = "gnu++0x";
				CLANG_ENABLE_OBJC_ARC = YES;
				CLANG_WARN__DUPLICATE_METHOD_MATCH = YES;
				"CODE_SIGN_IDENTITY[sdk=iphoneos*]" = "iPhone Developer";
				COPY_PHASE_STRIP = NO;
				GCC_C_LANGUAGE_STANDARD = gnu99;
				GCC_DYNAMIC_NO_PIC = NO;
				GCC_OPTIMIZATION_LEVEL = 0;
				GCC_PREPROCESSOR_DEFINITIONS = (
					"DEBUG=1",
					"$(inherited)",
				);
				GCC_SYMBOLS_PRIVATE_EXTERN = NO;
				GCC_VERSION = com.apple.compilers.llvm.clang.1_0;
				GCC_WARN_ABOUT_RETURN_TYPE = YES;
				GCC_WARN_UNINITIALIZED_AUTOS = YES;
				GCC_WARN_UNUSED_VARIABLE = YES;
				IPHONEOS_DEPLOYMENT_TARGET = 5.1;
				SDKROOT = iphoneos;
				TARGETED_DEVICE_FAMILY = "1,2";
			};
			name = Debug;
		};
		C3737C3415F12BCD0068816A /* Release */ = {
			isa = XCBuildConfiguration;
			buildSettings = {
				ALWAYS_SEARCH_USER_PATHS = NO;
				ARCHS = "$(ARCHS_STANDARD_32_BIT)";
				CLANG_CXX_LANGUAGE_STANDARD = "gnu++0x";
				CLANG_ENABLE_OBJC_ARC = YES;
				CLANG_WARN__DUPLICATE_METHOD_MATCH = YES;
				"CODE_SIGN_IDENTITY[sdk=iphoneos*]" = "iPhone Developer";
				COPY_PHASE_STRIP = YES;
				GCC_C_LANGUAGE_STANDARD = gnu99;
				GCC_VERSION = com.apple.compilers.llvm.clang.1_0;
				GCC_WARN_ABOUT_RETURN_TYPE = YES;
				GCC_WARN_UNINITIALIZED_AUTOS = YES;
				GCC_WARN_UNUSED_VARIABLE = YES;
				IPHONEOS_DEPLOYMENT_TARGET = 5.1;
				OTHER_CFLAGS = "-DNS_BLOCK_ASSERTIONS=1";
				SDKROOT = iphoneos;
				TARGETED_DEVICE_FAMILY = "1,2";
				VALIDATE_PRODUCT = YES;
			};
			name = Release;
		};
		C3737C3615F12BCD0068816A /* Debug */ = {
			isa = XCBuildConfiguration;
			buildSettings = {
				GCC_PRECOMPILE_PREFIX_HEADER = YES;
				GCC_PREFIX_HEADER = "AMT/AMT-Prefix.pch";
				INFOPLIST_FILE = "AMT/AMT-Info.plist";
				PRODUCT_NAME = "$(TARGET_NAME)";
				WRAPPER_EXTENSION = app;
			};
			name = Debug;
		};
		C3737C3715F12BCD0068816A /* Release */ = {
			isa = XCBuildConfiguration;
			buildSettings = {
				GCC_PRECOMPILE_PREFIX_HEADER = YES;
				GCC_PREFIX_HEADER = "AMT/AMT-Prefix.pch";
				INFOPLIST_FILE = "AMT/AMT-Info.plist";
				PRODUCT_NAME = "$(TARGET_NAME)";
				WRAPPER_EXTENSION = app;
			};
			name = Release;
		};
		C3737C3915F12BCD0068816A /* Debug */ = {
			isa = XCBuildConfiguration;
			buildSettings = {
				BUNDLE_LOADER = "$(BUILT_PRODUCTS_DIR)/AMT.app/AMT";
				FRAMEWORK_SEARCH_PATHS = (
					"\"$(SDKROOT)/Developer/Library/Frameworks\"",
					"\"$(DEVELOPER_LIBRARY_DIR)/Frameworks\"",
				);
				GCC_PRECOMPILE_PREFIX_HEADER = YES;
				GCC_PREFIX_HEADER = "AMT/AMT-Prefix.pch";
				INFOPLIST_FILE = "AMTTests/AMTTests-Info.plist";
				PRODUCT_NAME = "$(TARGET_NAME)";
				TEST_HOST = "$(BUNDLE_LOADER)";
				WRAPPER_EXTENSION = octest;
			};
			name = Debug;
		};
		C3737C3A15F12BCD0068816A /* Release */ = {
			isa = XCBuildConfiguration;
			buildSettings = {
				BUNDLE_LOADER = "$(BUILT_PRODUCTS_DIR)/AMT.app/AMT";
				FRAMEWORK_SEARCH_PATHS = (
					"\"$(SDKROOT)/Developer/Library/Frameworks\"",
					"\"$(DEVELOPER_LIBRARY_DIR)/Frameworks\"",
				);
				GCC_PRECOMPILE_PREFIX_HEADER = YES;
				GCC_PREFIX_HEADER = "AMT/AMT-Prefix.pch";
				INFOPLIST_FILE = "AMTTests/AMTTests-Info.plist";
				PRODUCT_NAME = "$(TARGET_NAME)";
				TEST_HOST = "$(BUNDLE_LOADER)";
				WRAPPER_EXTENSION = octest;
			};
			name = Release;
		};
/* End XCBuildConfiguration section */

/* Begin XCConfigurationList section */
		C3737BF915F12BCC0068816A /* Build configuration list for PBXProject "AMT" */ = {
			isa = XCConfigurationList;
			buildConfigurations = (
				C3737C3315F12BCD0068816A /* Debug */,
				C3737C3415F12BCD0068816A /* Release */,
			);
			defaultConfigurationIsVisible = 0;
			defaultConfigurationName = Release;
		};
		C3737C3515F12BCD0068816A /* Build configuration list for PBXNativeTarget "AMT" */ = {
			isa = XCConfigurationList;
			buildConfigurations = (
				C3737C3615F12BCD0068816A /* Debug */,
				C3737C3715F12BCD0068816A /* Release */,
			);
			defaultConfigurationIsVisible = 0;
			defaultConfigurationName = Release;
		};
		C3737C3815F12BCD0068816A /* Build configuration list for PBXNativeTarget "AMTTests" */ = {
			isa = XCConfigurationList;
			buildConfigurations = (
				C3737C3915F12BCD0068816A /* Debug */,
				C3737C3A15F12BCD0068816A /* Release */,
			);
			defaultConfigurationIsVisible = 0;
			defaultConfigurationName = Release;
		};
/* End XCConfigurationList section */
	};
	rootObject = C3737BF615F12BCC0068816A /* Project object */;
}
